
Microsoft Visual Studio Solution File, Format Version 12.00
# Visual Studio Version 16
VisualStudioVersion = 16.0.30804.86
MinimumVisualStudioVersion = 10.0.40219.1
Project("{FAE04EC0-301F-11D3-BF4B-00C04F79EFBC}") = "ClassMetotDemo", "ClassMetotDemo\ClassMetotDemo.csproj", "{93DEB078-9F69-4F71-AF09-F366228BC132}"
EndProject
Global
	GlobalSection(SolutionConfigurationPlatforms) = preSolution
		Debug|Any CPU = Debug|Any CPU
		Release|Any CPU = Release|Any CPU
	EndGlobalSection
	GlobalSection(ProjectConfigurationPlatforms) = postSolution
		{93DEB078-9F69-4F71-AF09-F366228BC132}.Debug|Any CPU.ActiveCfg = Debug|Any CPU
		{93DEB078-9F69-4F71-AF09-F366228BC132}.Debug|Any CPU.Build.0 = Debug|Any CPU
		{93DEB078-9F69-4F71-AF09-F366228BC132}.Release|Any CPU.ActiveCfg = Release|Any CPU
		{93DEB078-9F69-4F71-AF09-F366228BC132}.Release|Any CPU.Build.0 = Release|Any CPU
	EndGlobalSection
	GlobalSection(SolutionProperties) = preSolution
		HideSolutionNode = FALSE
	EndGlobalSection
	GlobalSection(ExtensibilityGlobals) = postSolution
		SolutionGuid = {9C4E5738-78BF-47E2-B3D7-A04C16C73758}
	EndGlobalSection
EndGlobal
